// !$*UTF8*$!
{
	archiveVersion = 1;
	classes = {
	};
	objectVersion = 60;
	objects = {

/* Begin PBXBuildFile section */
		5E0503512B9C60E30034C293 /* AppDelegate.swift in Sources */ = {isa = PBXBuildFile; fileRef = 5E0503502B9C60E30034C293 /* AppDelegate.swift */; };
		5E0503532B9C60E30034C293 /* SceneDelegate.swift in Sources */ = {isa = PBXBuildFile; fileRef = 5E0503522B9C60E30034C293 /* SceneDelegate.swift */; };
		5E05035A2B9C60E50034C293 /* Assets.xcassets in Resources */ = {isa = PBXBuildFile; fileRef = 5E0503592B9C60E50034C293 /* Assets.xcassets */; };
		5E05035D2B9C60E50034C293 /* LaunchScreen.storyboard in Resources */ = {isa = PBXBuildFile; fileRef = 5E05035B2B9C60E50034C293 /* LaunchScreen.storyboard */; };
		5E4226C52B9C6B4300116E88 /* MVVMBuilder.swift in Sources */ = {isa = PBXBuildFile; fileRef = 5E4226C42B9C6B4300116E88 /* MVVMBuilder.swift */; };
		5E4226CA2B9C6B9000116E88 /* InitialViewModel.swift in Sources */ = {isa = PBXBuildFile; fileRef = 5E4226C92B9C6B9000116E88 /* InitialViewModel.swift */; };
		5E4226CE2B9C6BB100116E88 /* InitialViewController.swift in Sources */ = {isa = PBXBuildFile; fileRef = 5E4226CD2B9C6BB100116E88 /* InitialViewController.swift */; };
		5E4226D62B9C770D00116E88 /* WalletConnectViewController.swift in Sources */ = {isa = PBXBuildFile; fileRef = 5E4226D52B9C770D00116E88 /* WalletConnectViewController.swift */; };
		5E4226D82B9C771800116E88 /* WalletConnectViewModel.swift in Sources */ = {isa = PBXBuildFile; fileRef = 5E4226D72B9C771800116E88 /* WalletConnectViewModel.swift */; };
		5E4226DB2B9C777F00116E88 /* SignUpViewController.swift in Sources */ = {isa = PBXBuildFile; fileRef = 5E4226DA2B9C777F00116E88 /* SignUpViewController.swift */; };
		5E4226DD2B9C778800116E88 /* SignUpViewModel.swift in Sources */ = {isa = PBXBuildFile; fileRef = 5E4226DC2B9C778800116E88 /* SignUpViewModel.swift */; };
		5E4226DF2B9CA9A600116E88 /* User.swift in Sources */ = {isa = PBXBuildFile; fileRef = 5E4226DE2B9CA9A500116E88 /* User.swift */; };
		5E4226E22B9CA9F400116E88 /* PrivatarViewController.swift in Sources */ = {isa = PBXBuildFile; fileRef = 5E4226E12B9CA9F400116E88 /* PrivatarViewController.swift */; };
		5E4226E42B9CA9FC00116E88 /* PrivatarViewModel.swift in Sources */ = {isa = PBXBuildFile; fileRef = 5E4226E32B9CA9FC00116E88 /* PrivatarViewModel.swift */; };
		5E4226E62B9CAAC900116E88 /* model_cat_dog_rgb.mlmodel in Sources */ = {isa = PBXBuildFile; fileRef = 5E4226E52B9CAAC900116E88 /* model_cat_dog_rgb.mlmodel */; };
		5E4226E82B9CAC3A00116E88 /* UIImage+Extension.swift in Sources */ = {isa = PBXBuildFile; fileRef = 5E4226E72B9CAC3A00116E88 /* UIImage+Extension.swift */; };
		5E4226EC2B9CBC1000116E88 /* UserEmbedder.swift in Sources */ = {isa = PBXBuildFile; fileRef = 5E4226EB2B9CBC1000116E88 /* UserEmbedder.swift */; };
		5E4226F02B9CBC5B00116E88 /* BertTokenizer.swift in Sources */ = {isa = PBXBuildFile; fileRef = 5E4226EF2B9CBC5B00116E88 /* BertTokenizer.swift */; };
		5E4226F22B9CBC9400116E88 /* vocab.txt in Resources */ = {isa = PBXBuildFile; fileRef = 5E4226F12B9CBC9000116E88 /* vocab.txt */; };
		5E4226F42B9CBD9800116E88 /* AvatarGeneration.swift in Sources */ = {isa = PBXBuildFile; fileRef = 5E4226F32B9CBD9800116E88 /* AvatarGeneration.swift */; };
		5E4226F62B9CBDD400116E88 /* Utilis.swift in Sources */ = {isa = PBXBuildFile; fileRef = 5E4226F52B9CBDD400116E88 /* Utilis.swift */; };
		5E4226FB2B9CC75E00116E88 /* OpenAIKit in Frameworks */ = {isa = PBXBuildFile; productRef = 5E4226FA2B9CC75E00116E88 /* OpenAIKit */; };
		5EEA2FA72B9DF48900AF49AC /* EntityDetector.swift in Sources */ = {isa = PBXBuildFile; fileRef = 5EEA2FA62B9DF48900AF49AC /* EntityDetector.swift */; };
		5EEA2FA92B9DF49C00AF49AC /* ImageProcessor.swift in Sources */ = {isa = PBXBuildFile; fileRef = 5EEA2FA82B9DF49C00AF49AC /* ImageProcessor.swift */; };
		5EEA2FAB2B9DF7A200AF49AC /* extra.swift in Sources */ = {isa = PBXBuildFile; fileRef = 5EEA2FAA2B9DF7A200AF49AC /* extra.swift */; };
		5EEA2FB72B9DFCE600AF49AC /* Web3 in Frameworks */ = {isa = PBXBuildFile; productRef = 5EEA2FB62B9DFCE600AF49AC /* Web3 */; };
		5EEA2FB92B9DFCE600AF49AC /* Web3ContractABI in Frameworks */ = {isa = PBXBuildFile; productRef = 5EEA2FB82B9DFCE600AF49AC /* Web3ContractABI */; };
		5EEA2FBB2B9DFCE600AF49AC /* Web3PromiseKit in Frameworks */ = {isa = PBXBuildFile; productRef = 5EEA2FBA2B9DFCE600AF49AC /* Web3PromiseKit */; };
		5EEA2FBE2B9DFD1200AF49AC /* Web3Modal in Frameworks */ = {isa = PBXBuildFile; productRef = 5EEA2FBD2B9DFD1200AF49AC /* Web3Modal */; };
		5EEA2FC02B9DFD1200AF49AC /* Web3ModalUI in Frameworks */ = {isa = PBXBuildFile; productRef = 5EEA2FBF2B9DFD1200AF49AC /* Web3ModalUI */; };
		5EEA2FC32B9DFE4000AF49AC /* Starscream in Frameworks */ = {isa = PBXBuildFile; productRef = 5EEA2FC22B9DFE4000AF49AC /* Starscream */; };
		609C016A2B9E0BD600D5E219 /* YOLOv3.mlmodel in Sources */ = {isa = PBXBuildFile; fileRef = 609C01692B9E0BD600D5E219 /* YOLOv3.mlmodel */; };
		609C016C2B9E0BD800D5E219 /* BERTEmbedder.mlmodel in Sources */ = {isa = PBXBuildFile; fileRef = 609C016B2B9E0BD800D5E219 /* BERTEmbedder.mlmodel */; };
		609C016F2B9E0BE900D5E219 /* Web3Modal in Frameworks */ = {isa = PBXBuildFile; productRef = 609C016E2B9E0BE900D5E219 /* Web3Modal */; };
		609C01712B9E0BE900D5E219 /* Web3ModalUI in Frameworks */ = {isa = PBXBuildFile; productRef = 609C01702B9E0BE900D5E219 /* Web3ModalUI */; };
		609C01732B9E0CD500D5E219 /* AppSample.swift in Sources */ = {isa = PBXBuildFile; fileRef = 609C01722B9E0CD500D5E219 /* AppSample.swift */; };
		609C01752B9E0F0F00D5E219 /* Confidate.plist in Resources */ = {isa = PBXBuildFile; fileRef = 609C01742B9E0F0F00D5E219 /* Confidate.plist */; };
		609C01782B9E12F400D5E219 /* confidating.json in Resources */ = {isa = PBXBuildFile; fileRef = 609C01772B9E12F400D5E219 /* confidating.json */; };
/* End PBXBuildFile section */

/* Begin PBXFileReference section */
		5E05034D2B9C60E20034C293 /* Confidate.app */ = {isa = PBXFileReference; explicitFileType = wrapper.application; includeInIndex = 0; path = Confidate.app; sourceTree = BUILT_PRODUCTS_DIR; };
		5E0503502B9C60E30034C293 /* AppDelegate.swift */ = {isa = PBXFileReference; lastKnownFileType = sourcecode.swift; path = AppDelegate.swift; sourceTree = "<group>"; };
		5E0503522B9C60E30034C293 /* SceneDelegate.swift */ = {isa = PBXFileReference; lastKnownFileType = sourcecode.swift; path = SceneDelegate.swift; sourceTree = "<group>"; };
		5E0503592B9C60E50034C293 /* Assets.xcassets */ = {isa = PBXFileReference; lastKnownFileType = folder.assetcatalog; path = Assets.xcassets; sourceTree = "<group>"; };
		5E05035C2B9C60E50034C293 /* Base */ = {isa = PBXFileReference; lastKnownFileType = file.storyboard; name = Base; path = Base.lproj/LaunchScreen.storyboard; sourceTree = "<group>"; };
		5E05035E2B9C60E50034C293 /* Info.plist */ = {isa = PBXFileReference; lastKnownFileType = text.plist.xml; path = Info.plist; sourceTree = "<group>"; };
		5E4226C42B9C6B4300116E88 /* MVVMBuilder.swift */ = {isa = PBXFileReference; lastKnownFileType = sourcecode.swift; path = MVVMBuilder.swift; sourceTree = "<group>"; };
		5E4226C92B9C6B9000116E88 /* InitialViewModel.swift */ = {isa = PBXFileReference; lastKnownFileType = sourcecode.swift; path = InitialViewModel.swift; sourceTree = "<group>"; };
		5E4226CD2B9C6BB100116E88 /* InitialViewController.swift */ = {isa = PBXFileReference; lastKnownFileType = sourcecode.swift; path = InitialViewController.swift; sourceTree = "<group>"; };
		5E4226D52B9C770D00116E88 /* WalletConnectViewController.swift */ = {isa = PBXFileReference; lastKnownFileType = sourcecode.swift; path = WalletConnectViewController.swift; sourceTree = "<group>"; };
		5E4226D72B9C771800116E88 /* WalletConnectViewModel.swift */ = {isa = PBXFileReference; lastKnownFileType = sourcecode.swift; path = WalletConnectViewModel.swift; sourceTree = "<group>"; };
		5E4226DA2B9C777F00116E88 /* SignUpViewController.swift */ = {isa = PBXFileReference; lastKnownFileType = sourcecode.swift; path = SignUpViewController.swift; sourceTree = "<group>"; };
		5E4226DC2B9C778800116E88 /* SignUpViewModel.swift */ = {isa = PBXFileReference; lastKnownFileType = sourcecode.swift; path = SignUpViewModel.swift; sourceTree = "<group>"; };
		5E4226DE2B9CA9A500116E88 /* User.swift */ = {isa = PBXFileReference; lastKnownFileType = sourcecode.swift; path = User.swift; sourceTree = "<group>"; };
		5E4226E12B9CA9F400116E88 /* PrivatarViewController.swift */ = {isa = PBXFileReference; lastKnownFileType = sourcecode.swift; path = PrivatarViewController.swift; sourceTree = "<group>"; };
		5E4226E32B9CA9FC00116E88 /* PrivatarViewModel.swift */ = {isa = PBXFileReference; lastKnownFileType = sourcecode.swift; path = PrivatarViewModel.swift; sourceTree = "<group>"; };
		5E4226E52B9CAAC900116E88 /* model_cat_dog_rgb.mlmodel */ = {isa = PBXFileReference; lastKnownFileType = file.mlmodel; path = model_cat_dog_rgb.mlmodel; sourceTree = "<group>"; };
		5E4226E72B9CAC3A00116E88 /* UIImage+Extension.swift */ = {isa = PBXFileReference; lastKnownFileType = sourcecode.swift; path = "UIImage+Extension.swift"; sourceTree = "<group>"; };
		5E4226EB2B9CBC1000116E88 /* UserEmbedder.swift */ = {isa = PBXFileReference; lastKnownFileType = sourcecode.swift; path = UserEmbedder.swift; sourceTree = "<group>"; };
		5E4226EF2B9CBC5B00116E88 /* BertTokenizer.swift */ = {isa = PBXFileReference; lastKnownFileType = sourcecode.swift; path = BertTokenizer.swift; sourceTree = "<group>"; };
		5E4226F12B9CBC9000116E88 /* vocab.txt */ = {isa = PBXFileReference; lastKnownFileType = text; path = vocab.txt; sourceTree = "<group>"; };
		5E4226F32B9CBD9800116E88 /* AvatarGeneration.swift */ = {isa = PBXFileReference; lastKnownFileType = sourcecode.swift; path = AvatarGeneration.swift; sourceTree = "<group>"; };
		5E4226F52B9CBDD400116E88 /* Utilis.swift */ = {isa = PBXFileReference; lastKnownFileType = sourcecode.swift; path = Utilis.swift; sourceTree = "<group>"; };
		5EEA2FA62B9DF48900AF49AC /* EntityDetector.swift */ = {isa = PBXFileReference; lastKnownFileType = sourcecode.swift; path = EntityDetector.swift; sourceTree = "<group>"; };
		5EEA2FA82B9DF49C00AF49AC /* ImageProcessor.swift */ = {isa = PBXFileReference; lastKnownFileType = sourcecode.swift; path = ImageProcessor.swift; sourceTree = "<group>"; };
		5EEA2FAA2B9DF7A200AF49AC /* extra.swift */ = {isa = PBXFileReference; lastKnownFileType = sourcecode.swift; path = extra.swift; sourceTree = "<group>"; };
		609C01692B9E0BD600D5E219 /* YOLOv3.mlmodel */ = {isa = PBXFileReference; lastKnownFileType = file.mlmodel; path = YOLOv3.mlmodel; sourceTree = "<group>"; };
		609C016B2B9E0BD800D5E219 /* BERTEmbedder.mlmodel */ = {isa = PBXFileReference; lastKnownFileType = file.mlmodel; path = BERTEmbedder.mlmodel; sourceTree = "<group>"; };
		609C01722B9E0CD500D5E219 /* AppSample.swift */ = {isa = PBXFileReference; fileEncoding = 4; lastKnownFileType = sourcecode.swift; path = AppSample.swift; sourceTree = "<group>"; };
		609C01742B9E0F0F00D5E219 /* Confidate.plist */ = {isa = PBXFileReference; lastKnownFileType = text.plist.xml; path = Confidate.plist; sourceTree = "<group>"; };
		609C01762B9E0FC200D5E219 /* Confidate.entitlements */ = {isa = PBXFileReference; lastKnownFileType = text.plist.entitlements; path = Confidate.entitlements; sourceTree = "<group>"; };
		609C01772B9E12F400D5E219 /* confidating.json */ = {isa = PBXFileReference; lastKnownFileType = text.json; path = confidating.json; sourceTree = "<group>"; };
/* End PBXFileReference section */

/* Begin PBXFrameworksBuildPhase section */
		5E05034A2B9C60E20034C293 /* Frameworks */ = {
			isa = PBXFrameworksBuildPhase;
			buildActionMask = 2147483647;
			files = (
				5EEA2FC32B9DFE4000AF49AC /* Starscream in Frameworks */,
				5EEA2FB72B9DFCE600AF49AC /* Web3 in Frameworks */,
				5EEA2FC02B9DFD1200AF49AC /* Web3ModalUI in Frameworks */,
				5E4226FB2B9CC75E00116E88 /* OpenAIKit in Frameworks */,
				5EEA2FB92B9DFCE600AF49AC /* Web3ContractABI in Frameworks */,
				5EEA2FBE2B9DFD1200AF49AC /* Web3Modal in Frameworks */,
				5EEA2FBB2B9DFCE600AF49AC /* Web3PromiseKit in Frameworks */,
				609C01712B9E0BE900D5E219 /* Web3ModalUI in Frameworks */,
				609C016F2B9E0BE900D5E219 /* Web3Modal in Frameworks */,
			);
			runOnlyForDeploymentPostprocessing = 0;
		};
/* End PBXFrameworksBuildPhase section */

/* Begin PBXGroup section */
		5E0503442B9C60E20034C293 = {
			isa = PBXGroup;
			children = (
				609C01772B9E12F400D5E219 /* confidating.json */,
				609C01742B9E0F0F00D5E219 /* Confidate.plist */,
				609C01692B9E0BD600D5E219 /* YOLOv3.mlmodel */,
				609C016B2B9E0BD800D5E219 /* BERTEmbedder.mlmodel */,
				5E05034F2B9C60E20034C293 /* Confidate */,
				5E05034E2B9C60E20034C293 /* Products */,
			);
			sourceTree = "<group>";
		};
		5E05034E2B9C60E20034C293 /* Products */ = {
			isa = PBXGroup;
			children = (
				5E05034D2B9C60E20034C293 /* Confidate.app */,
			);
			name = Products;
			sourceTree = "<group>";
		};
		5E05034F2B9C60E20034C293 /* Confidate */ = {
			isa = PBXGroup;
			children = (
				609C01762B9E0FC200D5E219 /* Confidate.entitlements */,
				5E4226C62B9C6B4A00116E88 /* Common */,
				5E4226C72B9C6B5100116E88 /* Controllers */,
				5E4226C82B9C6B5B00116E88 /* Models */,
				5E0503592B9C60E50034C293 /* Assets.xcassets */,
				5E05035B2B9C60E50034C293 /* LaunchScreen.storyboard */,
				5E05035E2B9C60E50034C293 /* Info.plist */,
			);
			path = Confidate;
			sourceTree = "<group>";
		};
		5E4226C62B9C6B4A00116E88 /* Common */ = {
			isa = PBXGroup;
			children = (
				609C01722B9E0CD500D5E219 /* AppSample.swift */,
				5E0503522B9C60E30034C293 /* SceneDelegate.swift */,
				5E0503502B9C60E30034C293 /* AppDelegate.swift */,
				5E4226C42B9C6B4300116E88 /* MVVMBuilder.swift */,
				5E4226DE2B9CA9A500116E88 /* User.swift */,
				5E4226E72B9CAC3A00116E88 /* UIImage+Extension.swift */,
				5E4226EB2B9CBC1000116E88 /* UserEmbedder.swift */,
				5E4226EF2B9CBC5B00116E88 /* BertTokenizer.swift */,
				5E4226F32B9CBD9800116E88 /* AvatarGeneration.swift */,
				5E4226F52B9CBDD400116E88 /* Utilis.swift */,
				5EEA2FA62B9DF48900AF49AC /* EntityDetector.swift */,
				5EEA2FA82B9DF49C00AF49AC /* ImageProcessor.swift */,
				5EEA2FAA2B9DF7A200AF49AC /* extra.swift */,
			);
			path = Common;
			sourceTree = "<group>";
		};
		5E4226C72B9C6B5100116E88 /* Controllers */ = {
			isa = PBXGroup;
			children = (
				5E4226CB2B9C6B9400116E88 /* Auth */,
			);
			path = Controllers;
			sourceTree = "<group>";
		};
		5E4226C82B9C6B5B00116E88 /* Models */ = {
			isa = PBXGroup;
			children = (
				5E4226E52B9CAAC900116E88 /* model_cat_dog_rgb.mlmodel */,
				5E4226F12B9CBC9000116E88 /* vocab.txt */,
			);
			path = Models;
			sourceTree = "<group>";
		};
		5E4226CB2B9C6B9400116E88 /* Auth */ = {
			isa = PBXGroup;
			children = (
				5E4226D92B9C776C00116E88 /* SignUp */,
				5E4226D42B9C76F100116E88 /* WalletConnect */,
				5E4226CC2B9C6B9C00116E88 /* Initial */,
				5E4226E02B9CA9E500116E88 /* Privatar */,
			);
			path = Auth;
			sourceTree = "<group>";
		};
		5E4226CC2B9C6B9C00116E88 /* Initial */ = {
			isa = PBXGroup;
			children = (
				5E4226C92B9C6B9000116E88 /* InitialViewModel.swift */,
				5E4226CD2B9C6BB100116E88 /* InitialViewController.swift */,
			);
			path = Initial;
			sourceTree = "<group>";
		};
		5E4226D42B9C76F100116E88 /* WalletConnect */ = {
			isa = PBXGroup;
			children = (
				5E4226D52B9C770D00116E88 /* WalletConnectViewController.swift */,
				5E4226D72B9C771800116E88 /* WalletConnectViewModel.swift */,
			);
			path = WalletConnect;
			sourceTree = "<group>";
		};
		5E4226D92B9C776C00116E88 /* SignUp */ = {
			isa = PBXGroup;
			children = (
				5E4226DA2B9C777F00116E88 /* SignUpViewController.swift */,
				5E4226DC2B9C778800116E88 /* SignUpViewModel.swift */,
			);
			path = SignUp;
			sourceTree = "<group>";
		};
		5E4226E02B9CA9E500116E88 /* Privatar */ = {
			isa = PBXGroup;
			children = (
				5E4226E12B9CA9F400116E88 /* PrivatarViewController.swift */,
				5E4226E32B9CA9FC00116E88 /* PrivatarViewModel.swift */,
			);
			path = Privatar;
			sourceTree = "<group>";
		};
/* End PBXGroup section */

/* Begin PBXNativeTarget section */
		5E05034C2B9C60E20034C293 /* Confidate */ = {
			isa = PBXNativeTarget;
			buildConfigurationList = 5E0503612B9C60E50034C293 /* Build configuration list for PBXNativeTarget "Confidate" */;
			buildPhases = (
				5E0503492B9C60E20034C293 /* Sources */,
				5E05034A2B9C60E20034C293 /* Frameworks */,
				5E05034B2B9C60E20034C293 /* Resources */,
			);
			buildRules = (
			);
			dependencies = (
			);
			name = Confidate;
			packageProductDependencies = (
				5E4226FA2B9CC75E00116E88 /* OpenAIKit */,
				5EEA2FB62B9DFCE600AF49AC /* Web3 */,
				5EEA2FB82B9DFCE600AF49AC /* Web3ContractABI */,
				5EEA2FBA2B9DFCE600AF49AC /* Web3PromiseKit */,
				5EEA2FBD2B9DFD1200AF49AC /* Web3Modal */,
				5EEA2FBF2B9DFD1200AF49AC /* Web3ModalUI */,
				5EEA2FC22B9DFE4000AF49AC /* Starscream */,
				609C016E2B9E0BE900D5E219 /* Web3Modal */,
				609C01702B9E0BE900D5E219 /* Web3ModalUI */,
			);
			productName = Confidate;
			productReference = 5E05034D2B9C60E20034C293 /* Confidate.app */;
			productType = "com.apple.product-type.application";
		};
/* End PBXNativeTarget section */

/* Begin PBXProject section */
		5E0503452B9C60E20034C293 /* Project object */ = {
			isa = PBXProject;
			attributes = {
				BuildIndependentTargetsInParallel = 1;
				LastSwiftUpdateCheck = 1520;
				LastUpgradeCheck = 1520;
				TargetAttributes = {
					5E05034C2B9C60E20034C293 = {
						CreatedOnToolsVersion = 15.2;
					};
				};
			};
			buildConfigurationList = 5E0503482B9C60E20034C293 /* Build configuration list for PBXProject "Confidate" */;
			compatibilityVersion = "Xcode 14.0";
			developmentRegion = en;
			hasScannedForEncodings = 0;
			knownRegions = (
				en,
				Base,
			);
			mainGroup = 5E0503442B9C60E20034C293;
			packageReferences = (
				5E4226F92B9CC75E00116E88 /* XCRemoteSwiftPackageReference "OpenAIKit" */,
				5EEA2FB52B9DFCE600AF49AC /* XCRemoteSwiftPackageReference "Web3.swift" */,
				5EEA2FC12B9DFE4000AF49AC /* XCRemoteSwiftPackageReference "Starscream" */,
				609C016D2B9E0BE900D5E219 /* XCLocalSwiftPackageReference "../../../web3modal-swift" */,
			);
			productRefGroup = 5E05034E2B9C60E20034C293 /* Products */;
			projectDirPath = "";
			projectRoot = "";
			targets = (
				5E05034C2B9C60E20034C293 /* Confidate */,
			);
		};
/* End PBXProject section */

/* Begin PBXResourcesBuildPhase section */
		5E05034B2B9C60E20034C293 /* Resources */ = {
			isa = PBXResourcesBuildPhase;
			buildActionMask = 2147483647;
			files = (
				609C01782B9E12F400D5E219 /* confidating.json in Resources */,
				5E05035D2B9C60E50034C293 /* LaunchScreen.storyboard in Resources */,
				5E05035A2B9C60E50034C293 /* Assets.xcassets in Resources */,
				609C01752B9E0F0F00D5E219 /* Confidate.plist in Resources */,
				5E4226F22B9CBC9400116E88 /* vocab.txt in Resources */,
			);
			runOnlyForDeploymentPostprocessing = 0;
		};
/* End PBXResourcesBuildPhase section */

/* Begin PBXSourcesBuildPhase section */
		5E0503492B9C60E20034C293 /* Sources */ = {
			isa = PBXSourcesBuildPhase;
			buildActionMask = 2147483647;
			files = (
				5E4226CE2B9C6BB100116E88 /* InitialViewController.swift in Sources */,
				5E4226EC2B9CBC1000116E88 /* UserEmbedder.swift in Sources */,
				5EEA2FAB2B9DF7A200AF49AC /* extra.swift in Sources */,
				5EEA2FA92B9DF49C00AF49AC /* ImageProcessor.swift in Sources */,
				5E4226E82B9CAC3A00116E88 /* UIImage+Extension.swift in Sources */,
				5E4226C52B9C6B4300116E88 /* MVVMBuilder.swift in Sources */,
				5E4226F02B9CBC5B00116E88 /* BertTokenizer.swift in Sources */,
				609C016A2B9E0BD600D5E219 /* YOLOv3.mlmodel in Sources */,
				5E4226E22B9CA9F400116E88 /* PrivatarViewController.swift in Sources */,
				609C016C2B9E0BD800D5E219 /* BERTEmbedder.mlmodel in Sources */,
				5E4226DB2B9C777F00116E88 /* SignUpViewController.swift in Sources */,
				5E0503512B9C60E30034C293 /* AppDelegate.swift in Sources */,
				5E4226DD2B9C778800116E88 /* SignUpViewModel.swift in Sources */,
				609C01732B9E0CD500D5E219 /* AppSample.swift in Sources */,
				5EEA2FA72B9DF48900AF49AC /* EntityDetector.swift in Sources */,
				5E4226E62B9CAAC900116E88 /* model_cat_dog_rgb.mlmodel in Sources */,
				5E4226F42B9CBD9800116E88 /* AvatarGeneration.swift in Sources */,
				5E4226D82B9C771800116E88 /* WalletConnectViewModel.swift in Sources */,
				5E0503532B9C60E30034C293 /* SceneDelegate.swift in Sources */,
				5E4226F62B9CBDD400116E88 /* Utilis.swift in Sources */,
				5E4226D62B9C770D00116E88 /* WalletConnectViewController.swift in Sources */,
				5E4226DF2B9CA9A600116E88 /* User.swift in Sources */,
				5E4226CA2B9C6B9000116E88 /* InitialViewModel.swift in Sources */,
				5E4226E42B9CA9FC00116E88 /* PrivatarViewModel.swift in Sources */,
			);
			runOnlyForDeploymentPostprocessing = 0;
		};
/* End PBXSourcesBuildPhase section */

/* Begin PBXVariantGroup section */
		5E05035B2B9C60E50034C293 /* LaunchScreen.storyboard */ = {
			isa = PBXVariantGroup;
			children = (
				5E05035C2B9C60E50034C293 /* Base */,
			);
			name = LaunchScreen.storyboard;
			sourceTree = "<group>";
		};
/* End PBXVariantGroup section */

/* Begin XCBuildConfiguration section */
		5E05035F2B9C60E50034C293 /* Debug */ = {
			isa = XCBuildConfiguration;
			buildSettings = {
				ALWAYS_SEARCH_USER_PATHS = NO;
				ASSETCATALOG_COMPILER_GENERATE_SWIFT_ASSET_SYMBOL_EXTENSIONS = YES;
				CLANG_ANALYZER_NONNULL = YES;
				CLANG_ANALYZER_NUMBER_OBJECT_CONVERSION = YES_AGGRESSIVE;
				CLANG_CXX_LANGUAGE_STANDARD = "gnu++20";
				CLANG_ENABLE_MODULES = YES;
				CLANG_ENABLE_OBJC_ARC = YES;
				CLANG_ENABLE_OBJC_WEAK = YES;
				CLANG_WARN_BLOCK_CAPTURE_AUTORELEASING = YES;
				CLANG_WARN_BOOL_CONVERSION = YES;
				CLANG_WARN_COMMA = YES;
				CLANG_WARN_CONSTANT_CONVERSION = YES;
				CLANG_WARN_DEPRECATED_OBJC_IMPLEMENTATIONS = YES;
				CLANG_WARN_DIRECT_OBJC_ISA_USAGE = YES_ERROR;
				CLANG_WARN_DOCUMENTATION_COMMENTS = YES;
				CLANG_WARN_EMPTY_BODY = YES;
				CLANG_WARN_ENUM_CONVERSION = YES;
				CLANG_WARN_INFINITE_RECURSION = YES;
				CLANG_WARN_INT_CONVERSION = YES;
				CLANG_WARN_NON_LITERAL_NULL_CONVERSION = YES;
				CLANG_WARN_OBJC_IMPLICIT_RETAIN_SELF = YES;
				CLANG_WARN_OBJC_LITERAL_CONVERSION = YES;
				CLANG_WARN_OBJC_ROOT_CLASS = YES_ERROR;
				CLANG_WARN_QUOTED_INCLUDE_IN_FRAMEWORK_HEADER = YES;
				CLANG_WARN_RANGE_LOOP_ANALYSIS = YES;
				CLANG_WARN_STRICT_PROTOTYPES = YES;
				CLANG_WARN_SUSPICIOUS_MOVE = YES;
				CLANG_WARN_UNGUARDED_AVAILABILITY = YES_AGGRESSIVE;
				CLANG_WARN_UNREACHABLE_CODE = YES;
				CLANG_WARN__DUPLICATE_METHOD_MATCH = YES;
				COPY_PHASE_STRIP = NO;
				DEBUG_INFORMATION_FORMAT = dwarf;
				ENABLE_STRICT_OBJC_MSGSEND = YES;
				ENABLE_TESTABILITY = YES;
				ENABLE_USER_SCRIPT_SANDBOXING = YES;
				GCC_C_LANGUAGE_STANDARD = gnu17;
				GCC_DYNAMIC_NO_PIC = NO;
				GCC_NO_COMMON_BLOCKS = YES;
				GCC_OPTIMIZATION_LEVEL = 0;
				GCC_PREPROCESSOR_DEFINITIONS = (
					"DEBUG=1",
					"$(inherited)",
				);
				GCC_WARN_64_TO_32_BIT_CONVERSION = YES;
				GCC_WARN_ABOUT_RETURN_TYPE = YES_ERROR;
				GCC_WARN_UNDECLARED_SELECTOR = YES;
				GCC_WARN_UNINITIALIZED_AUTOS = YES_AGGRESSIVE;
				GCC_WARN_UNUSED_FUNCTION = YES;
				GCC_WARN_UNUSED_VARIABLE = YES;
				IPHONEOS_DEPLOYMENT_TARGET = 17.2;
				LOCALIZATION_PREFERS_STRING_CATALOGS = YES;
				MTL_ENABLE_DEBUG_INFO = INCLUDE_SOURCE;
				MTL_FAST_MATH = YES;
				ONLY_ACTIVE_ARCH = YES;
				SDKROOT = iphoneos;
				SWIFT_ACTIVE_COMPILATION_CONDITIONS = "DEBUG $(inherited)";
				SWIFT_OPTIMIZATION_LEVEL = "-Onone";
			};
			name = Debug;
		};
		5E0503602B9C60E50034C293 /* Release */ = {
			isa = XCBuildConfiguration;
			buildSettings = {
				ALWAYS_SEARCH_USER_PATHS = NO;
				ASSETCATALOG_COMPILER_GENERATE_SWIFT_ASSET_SYMBOL_EXTENSIONS = YES;
				CLANG_ANALYZER_NONNULL = YES;
				CLANG_ANALYZER_NUMBER_OBJECT_CONVERSION = YES_AGGRESSIVE;
				CLANG_CXX_LANGUAGE_STANDARD = "gnu++20";
				CLANG_ENABLE_MODULES = YES;
				CLANG_ENABLE_OBJC_ARC = YES;
				CLANG_ENABLE_OBJC_WEAK = YES;
				CLANG_WARN_BLOCK_CAPTURE_AUTORELEASING = YES;
				CLANG_WARN_BOOL_CONVERSION = YES;
				CLANG_WARN_COMMA = YES;
				CLANG_WARN_CONSTANT_CONVERSION = YES;
				CLANG_WARN_DEPRECATED_OBJC_IMPLEMENTATIONS = YES;
				CLANG_WARN_DIRECT_OBJC_ISA_USAGE = YES_ERROR;
				CLANG_WARN_DOCUMENTATION_COMMENTS = YES;
				CLANG_WARN_EMPTY_BODY = YES;
				CLANG_WARN_ENUM_CONVERSION = YES;
				CLANG_WARN_INFINITE_RECURSION = YES;
				CLANG_WARN_INT_CONVERSION = YES;
				CLANG_WARN_NON_LITERAL_NULL_CONVERSION = YES;
				CLANG_WARN_OBJC_IMPLICIT_RETAIN_SELF = YES;
				CLANG_WARN_OBJC_LITERAL_CONVERSION = YES;
				CLANG_WARN_OBJC_ROOT_CLASS = YES_ERROR;
				CLANG_WARN_QUOTED_INCLUDE_IN_FRAMEWORK_HEADER = YES;
				CLANG_WARN_RANGE_LOOP_ANALYSIS = YES;
				CLANG_WARN_STRICT_PROTOTYPES = YES;
				CLANG_WARN_SUSPICIOUS_MOVE = YES;
				CLANG_WARN_UNGUARDED_AVAILABILITY = YES_AGGRESSIVE;
				CLANG_WARN_UNREACHABLE_CODE = YES;
				CLANG_WARN__DUPLICATE_METHOD_MATCH = YES;
				COPY_PHASE_STRIP = NO;
				DEBUG_INFORMATION_FORMAT = "dwarf-with-dsym";
				ENABLE_NS_ASSERTIONS = NO;
				ENABLE_STRICT_OBJC_MSGSEND = YES;
				ENABLE_USER_SCRIPT_SANDBOXING = YES;
				GCC_C_LANGUAGE_STANDARD = gnu17;
				GCC_NO_COMMON_BLOCKS = YES;
				GCC_WARN_64_TO_32_BIT_CONVERSION = YES;
				GCC_WARN_ABOUT_RETURN_TYPE = YES_ERROR;
				GCC_WARN_UNDECLARED_SELECTOR = YES;
				GCC_WARN_UNINITIALIZED_AUTOS = YES_AGGRESSIVE;
				GCC_WARN_UNUSED_FUNCTION = YES;
				GCC_WARN_UNUSED_VARIABLE = YES;
				IPHONEOS_DEPLOYMENT_TARGET = 17.2;
				LOCALIZATION_PREFERS_STRING_CATALOGS = YES;
				MTL_ENABLE_DEBUG_INFO = NO;
				MTL_FAST_MATH = YES;
				SDKROOT = iphoneos;
				SWIFT_COMPILATION_MODE = wholemodule;
				VALIDATE_PRODUCT = YES;
			};
			name = Release;
		};
		5E0503622B9C60E50034C293 /* Debug */ = {
			isa = XCBuildConfiguration;
			buildSettings = {
				ASSETCATALOG_COMPILER_APPICON_NAME = AppIcon;
				ASSETCATALOG_COMPILER_GLOBAL_ACCENT_COLOR_NAME = AccentColor;
				CODE_SIGN_ENTITLEMENTS = Confidate/Confidate.entitlements;
				CODE_SIGN_STYLE = Automatic;
				CURRENT_PROJECT_VERSION = 1;
				DEVELOPMENT_TEAM = "";
				GENERATE_INFOPLIST_FILE = YES;
				INFOPLIST_FILE = Confidate/Info.plist;
				INFOPLIST_KEY_UIApplicationSupportsIndirectInputEvents = YES;
				INFOPLIST_KEY_UILaunchStoryboardName = LaunchScreen;
				INFOPLIST_KEY_UISupportedInterfaceOrientations_iPad = "UIInterfaceOrientationPortrait UIInterfaceOrientationPortraitUpsideDown UIInterfaceOrientationLandscapeLeft UIInterfaceOrientationLandscapeRight";
				INFOPLIST_KEY_UISupportedInterfaceOrientations_iPhone = "UIInterfaceOrientationPortrait UIInterfaceOrientationLandscapeLeft UIInterfaceOrientationLandscapeRight";
				IPHONEOS_DEPLOYMENT_TARGET = 16.0;
				LD_RUNPATH_SEARCH_PATHS = (
					"$(inherited)",
					"@executable_path/Frameworks",
				);
				MARKETING_VERSION = 1.0;
				PRODUCT_BUNDLE_IDENTIFIER = com.iosmxm.Confidate;
				PRODUCT_NAME = "$(TARGET_NAME)";
				SWIFT_EMIT_LOC_STRINGS = YES;
				SWIFT_VERSION = 5.0;
				TARGETED_DEVICE_FAMILY = "1,2";
			};
			name = Debug;
		};
		5E0503632B9C60E50034C293 /* Release */ = {
			isa = XCBuildConfiguration;
			buildSettings = {
				ASSETCATALOG_COMPILER_APPICON_NAME = AppIcon;
				ASSETCATALOG_COMPILER_GLOBAL_ACCENT_COLOR_NAME = AccentColor;
				CODE_SIGN_ENTITLEMENTS = Confidate/Confidate.entitlements;
				CODE_SIGN_STYLE = Automatic;
				CURRENT_PROJECT_VERSION = 1;
				DEVELOPMENT_TEAM = "";
				GENERATE_INFOPLIST_FILE = YES;
				INFOPLIST_FILE = Confidate/Info.plist;
				INFOPLIST_KEY_UIApplicationSupportsIndirectInputEvents = YES;
				INFOPLIST_KEY_UILaunchStoryboardName = LaunchScreen;
				INFOPLIST_KEY_UISupportedInterfaceOrientations_iPad = "UIInterfaceOrientationPortrait UIInterfaceOrientationPortraitUpsideDown UIInterfaceOrientationLandscapeLeft UIInterfaceOrientationLandscapeRight";
				INFOPLIST_KEY_UISupportedInterfaceOrientations_iPhone = "UIInterfaceOrientationPortrait UIInterfaceOrientationLandscapeLeft UIInterfaceOrientationLandscapeRight";
				IPHONEOS_DEPLOYMENT_TARGET = 16.0;
				LD_RUNPATH_SEARCH_PATHS = (
					"$(inherited)",
					"@executable_path/Frameworks",
				);
				MARKETING_VERSION = 1.0;
				PRODUCT_BUNDLE_IDENTIFIER = com.iosmxm.Confidate;
				PRODUCT_NAME = "$(TARGET_NAME)";
				SWIFT_EMIT_LOC_STRINGS = YES;
				SWIFT_VERSION = 5.0;
				TARGETED_DEVICE_FAMILY = "1,2";
			};
			name = Release;
		};
/* End XCBuildConfiguration section */

/* Begin XCConfigurationList section */
		5E0503482B9C60E20034C293 /* Build configuration list for PBXProject "Confidate" */ = {
			isa = XCConfigurationList;
			buildConfigurations = (
				5E05035F2B9C60E50034C293 /* Debug */,
				5E0503602B9C60E50034C293 /* Release */,
			);
			defaultConfigurationIsVisible = 0;
			defaultConfigurationName = Release;
		};
		5E0503612B9C60E50034C293 /* Build configuration list for PBXNativeTarget "Confidate" */ = {
			isa = XCConfigurationList;
			buildConfigurations = (
				5E0503622B9C60E50034C293 /* Debug */,
				5E0503632B9C60E50034C293 /* Release */,
			);
			defaultConfigurationIsVisible = 0;
			defaultConfigurationName = Release;
		};
/* End XCConfigurationList section */

/* Begin XCLocalSwiftPackageReference section */
		609C016D2B9E0BE900D5E219 /* XCLocalSwiftPackageReference "../../../web3modal-swift" */ = {
			isa = XCLocalSwiftPackageReference;
			relativePath = "../../../web3modal-swift";
		};
/* End XCLocalSwiftPackageReference section */

/* Begin XCRemoteSwiftPackageReference section */
		5E4226F92B9CC75E00116E88 /* XCRemoteSwiftPackageReference "OpenAIKit" */ = {
			isa = XCRemoteSwiftPackageReference;
			repositoryURL = "https://github.com/OpenDive/OpenAIKit.git";
			requirement = {
				kind = upToNextMajorVersion;
				minimumVersion = 2.0.1;
			};
		};
		5EEA2FB52B9DFCE600AF49AC /* XCRemoteSwiftPackageReference "Web3.swift" */ = {
			isa = XCRemoteSwiftPackageReference;
			repositoryURL = "https://github.com/Boilertalk/Web3.swift.git";
			requirement = {
				kind = upToNextMajorVersion;
				minimumVersion = 0.8.7;
			};
		};
		5EEA2FC12B9DFE4000AF49AC /* XCRemoteSwiftPackageReference "Starscream" */ = {
			isa = XCRemoteSwiftPackageReference;
			repositoryURL = "https://github.com/daltoniam/Starscream";
			requirement = {
				kind = exactVersion;
				version = 3.1.2;
			};
		};
/* End XCRemoteSwiftPackageReference section */

/* Begin XCSwiftPackageProductDependency section */
		5E4226FA2B9CC75E00116E88 /* OpenAIKit */ = {
			isa = XCSwiftPackageProductDependency;
			package = 5E4226F92B9CC75E00116E88 /* XCRemoteSwiftPackageReference "OpenAIKit" */;
			productName = OpenAIKit;
		};
		5EEA2FB62B9DFCE600AF49AC /* Web3 */ = {
			isa = XCSwiftPackageProductDependency;
			package = 5EEA2FB52B9DFCE600AF49AC /* XCRemoteSwiftPackageReference "Web3.swift" */;
			productName = Web3;
		};
		5EEA2FB82B9DFCE600AF49AC /* Web3ContractABI */ = {
			isa = XCSwiftPackageProductDependency;
			package = 5EEA2FB52B9DFCE600AF49AC /* XCRemoteSwiftPackageReference "Web3.swift" */;
			productName = Web3ContractABI;
		};
		5EEA2FBA2B9DFCE600AF49AC /* Web3PromiseKit */ = {
			isa = XCSwiftPackageProductDependency;
			package = 5EEA2FB52B9DFCE600AF49AC /* XCRemoteSwiftPackageReference "Web3.swift" */;
			productName = Web3PromiseKit;
		};
		5EEA2FBD2B9DFD1200AF49AC /* Web3Modal */ = {
			isa = XCSwiftPackageProductDependency;
			productName = Web3Modal;
		};
		5EEA2FBF2B9DFD1200AF49AC /* Web3ModalUI */ = {
			isa = XCSwiftPackageProductDependency;
			productName = Web3ModalUI;
		};
		5EEA2FC22B9DFE4000AF49AC /* Starscream */ = {
			isa = XCSwiftPackageProductDependency;
			package = 5EEA2FC12B9DFE4000AF49AC /* XCRemoteSwiftPackageReference "Starscream" */;
			productName = Starscream;
		};
		609C016E2B9E0BE900D5E219 /* Web3Modal */ = {
			isa = XCSwiftPackageProductDependency;
			productName = Web3Modal;
		};
		609C01702B9E0BE900D5E219 /* Web3ModalUI */ = {
			isa = XCSwiftPackageProductDependency;
			productName = Web3ModalUI;
		};
/* End XCSwiftPackageProductDependency section */
	};
	rootObject = 5E0503452B9C60E20034C293 /* Project object */;
}
