// !$*UTF8*$!
{
	archiveVersion = 1;
	classes = {
	};
	objectVersion = 56;
	objects = {

/* Begin PBXBuildFile section */
		5E0503512B9C60E30034C293 /* AppDelegate.swift in Sources */ = {isa = PBXBuildFile; fileRef = 5E0503502B9C60E30034C293 /* AppDelegate.swift */; };
		5E0503532B9C60E30034C293 /* SceneDelegate.swift in Sources */ = {isa = PBXBuildFile; fileRef = 5E0503522B9C60E30034C293 /* SceneDelegate.swift */; };
		5E0503552B9C60E30034C293 /* ViewController.swift in Sources */ = {isa = PBXBuildFile; fileRef = 5E0503542B9C60E30034C293 /* ViewController.swift */; };
		5E0503582B9C60E30034C293 /* Main.storyboard in Resources */ = {isa = PBXBuildFile; fileRef = 5E0503562B9C60E30034C293 /* Main.storyboard */; };
		5E05035A2B9C60E50034C293 /* Assets.xcassets in Resources */ = {isa = PBXBuildFile; fileRef = 5E0503592B9C60E50034C293 /* Assets.xcassets */; };
		5E05035D2B9C60E50034C293 /* LaunchScreen.storyboard in Resources */ = {isa = PBXBuildFile; fileRef = 5E05035B2B9C60E50034C293 /* LaunchScreen.storyboard */; };
		6090BBCD2B9C6F06007E9D13 /* ZKTest.swift in Sources */ = {isa = PBXBuildFile; fileRef = 6090BBCC2B9C6F06007E9D13 /* ZKTest.swift */; };
		6090BBD22B9C70B0007E9D13 /* placeholder.arkzkey in Resources */ = {isa = PBXBuildFile; fileRef = 6090BBD02B9C70B0007E9D13 /* placeholder.arkzkey */; };
		6090BBD32B9C70B0007E9D13 /* placeholder.wasm in Resources */ = {isa = PBXBuildFile; fileRef = 6090BBD12B9C70B0007E9D13 /* placeholder.wasm */; };
		60BEBD352B9C7EF80049DA3F /* ZkHelpers.swift in Sources */ = {isa = PBXBuildFile; fileRef = 60BEBD342B9C7EF80049DA3F /* ZkHelpers.swift */; };
		60BEBD372B9C81630049DA3F /* placeholder_input.json in Resources */ = {isa = PBXBuildFile; fileRef = 60BEBD362B9C81630049DA3F /* placeholder_input.json */; };
		60BEBD3F2B9C83DF0049DA3F /* ConfidateTests.swift in Sources */ = {isa = PBXBuildFile; fileRef = 60BEBD3E2B9C83DF0049DA3F /* ConfidateTests.swift */; };
		D1A1F6C203906DD4189D1FA5 /* Pods_Confidate.framework in Frameworks */ = {isa = PBXBuildFile; fileRef = 7294927B6F1428A04EC9C00F /* Pods_Confidate.framework */; };
/* End PBXBuildFile section */

/* Begin PBXContainerItemProxy section */
		60BEBD402B9C83DF0049DA3F /* PBXContainerItemProxy */ = {
			isa = PBXContainerItemProxy;
			containerPortal = 5E0503452B9C60E20034C293 /* Project object */;
			proxyType = 1;
			remoteGlobalIDString = 5E05034C2B9C60E20034C293;
			remoteInfo = Confidate;
		};
/* End PBXContainerItemProxy section */

/* Begin PBXFileReference section */
		156DC19CFB28ABB4DB5AD0FC /* Pods-Confidate.debug.xcconfig */ = {isa = PBXFileReference; includeInIndex = 1; lastKnownFileType = text.xcconfig; name = "Pods-Confidate.debug.xcconfig"; path = "Target Support Files/Pods-Confidate/Pods-Confidate.debug.xcconfig"; sourceTree = "<group>"; };
		2EF20468619E5AEB2D86AFC0 /* Pods-Confidate.release.xcconfig */ = {isa = PBXFileReference; includeInIndex = 1; lastKnownFileType = text.xcconfig; name = "Pods-Confidate.release.xcconfig"; path = "Target Support Files/Pods-Confidate/Pods-Confidate.release.xcconfig"; sourceTree = "<group>"; };
		5E05034D2B9C60E20034C293 /* Confidate.app */ = {isa = PBXFileReference; explicitFileType = wrapper.application; includeInIndex = 0; path = Confidate.app; sourceTree = BUILT_PRODUCTS_DIR; };
		5E0503502B9C60E30034C293 /* AppDelegate.swift */ = {isa = PBXFileReference; lastKnownFileType = sourcecode.swift; path = AppDelegate.swift; sourceTree = "<group>"; };
		5E0503522B9C60E30034C293 /* SceneDelegate.swift */ = {isa = PBXFileReference; lastKnownFileType = sourcecode.swift; path = SceneDelegate.swift; sourceTree = "<group>"; };
		5E0503542B9C60E30034C293 /* ViewController.swift */ = {isa = PBXFileReference; lastKnownFileType = sourcecode.swift; path = ViewController.swift; sourceTree = "<group>"; };
		5E0503572B9C60E30034C293 /* Base */ = {isa = PBXFileReference; lastKnownFileType = file.storyboard; name = Base; path = Base.lproj/Main.storyboard; sourceTree = "<group>"; };
		5E0503592B9C60E50034C293 /* Assets.xcassets */ = {isa = PBXFileReference; lastKnownFileType = folder.assetcatalog; path = Assets.xcassets; sourceTree = "<group>"; };
		5E05035C2B9C60E50034C293 /* Base */ = {isa = PBXFileReference; lastKnownFileType = file.storyboard; name = Base; path = Base.lproj/LaunchScreen.storyboard; sourceTree = "<group>"; };
		5E05035E2B9C60E50034C293 /* Info.plist */ = {isa = PBXFileReference; lastKnownFileType = text.plist.xml; path = Info.plist; sourceTree = "<group>"; };
		6090BBCC2B9C6F06007E9D13 /* ZKTest.swift */ = {isa = PBXFileReference; lastKnownFileType = sourcecode.swift; path = ZKTest.swift; sourceTree = "<group>"; };
		6090BBD02B9C70B0007E9D13 /* placeholder.arkzkey */ = {isa = PBXFileReference; lastKnownFileType = file; path = placeholder.arkzkey; sourceTree = "<group>"; };
		6090BBD12B9C70B0007E9D13 /* placeholder.wasm */ = {isa = PBXFileReference; lastKnownFileType = file; path = placeholder.wasm; sourceTree = "<group>"; };
		60BEBD342B9C7EF80049DA3F /* ZkHelpers.swift */ = {isa = PBXFileReference; lastKnownFileType = sourcecode.swift; path = ZkHelpers.swift; sourceTree = "<group>"; };
		60BEBD362B9C81630049DA3F /* placeholder_input.json */ = {isa = PBXFileReference; lastKnownFileType = text.json; path = placeholder_input.json; sourceTree = "<group>"; };
		60BEBD3C2B9C83DF0049DA3F /* ConfidateTests.xctest */ = {isa = PBXFileReference; explicitFileType = wrapper.cfbundle; includeInIndex = 0; path = ConfidateTests.xctest; sourceTree = BUILT_PRODUCTS_DIR; };
		60BEBD3E2B9C83DF0049DA3F /* ConfidateTests.swift */ = {isa = PBXFileReference; lastKnownFileType = sourcecode.swift; path = ConfidateTests.swift; sourceTree = "<group>"; };
		7294927B6F1428A04EC9C00F /* Pods_Confidate.framework */ = {isa = PBXFileReference; explicitFileType = wrapper.framework; includeInIndex = 0; path = Pods_Confidate.framework; sourceTree = BUILT_PRODUCTS_DIR; };
/* End PBXFileReference section */

/* Begin PBXFrameworksBuildPhase section */
		5E05034A2B9C60E20034C293 /* Frameworks */ = {
			isa = PBXFrameworksBuildPhase;
			buildActionMask = 2147483647;
			files = (
				D1A1F6C203906DD4189D1FA5 /* Pods_Confidate.framework in Frameworks */,
			);
			runOnlyForDeploymentPostprocessing = 0;
		};
		60BEBD392B9C83DF0049DA3F /* Frameworks */ = {
			isa = PBXFrameworksBuildPhase;
			buildActionMask = 2147483647;
			files = (
			);
			runOnlyForDeploymentPostprocessing = 0;
		};
/* End PBXFrameworksBuildPhase section */

/* Begin PBXGroup section */
		3D22E134BF02342B04C59E62 /* Pods */ = {
			isa = PBXGroup;
			children = (
				156DC19CFB28ABB4DB5AD0FC /* Pods-Confidate.debug.xcconfig */,
				2EF20468619E5AEB2D86AFC0 /* Pods-Confidate.release.xcconfig */,
			);
			path = Pods;
			sourceTree = "<group>";
		};
		5E0503442B9C60E20034C293 = {
			isa = PBXGroup;
			children = (
				60BEBD362B9C81630049DA3F /* placeholder_input.json */,
				6090BBD02B9C70B0007E9D13 /* placeholder.arkzkey */,
				6090BBD12B9C70B0007E9D13 /* placeholder.wasm */,
				5E05034F2B9C60E20034C293 /* Confidate */,
				60BEBD3D2B9C83DF0049DA3F /* ConfidateTests */,
				5E05034E2B9C60E20034C293 /* Products */,
				3D22E134BF02342B04C59E62 /* Pods */,
				7E489E5DF36CC0FB2AB0AE5D /* Frameworks */,
			);
			sourceTree = "<group>";
		};
		5E05034E2B9C60E20034C293 /* Products */ = {
			isa = PBXGroup;
			children = (
				5E05034D2B9C60E20034C293 /* Confidate.app */,
				60BEBD3C2B9C83DF0049DA3F /* ConfidateTests.xctest */,
			);
			name = Products;
			sourceTree = "<group>";
		};
		5E05034F2B9C60E20034C293 /* Confidate */ = {
			isa = PBXGroup;
			children = (
				5E0503502B9C60E30034C293 /* AppDelegate.swift */,
				6090BBCC2B9C6F06007E9D13 /* ZKTest.swift */,
				5E0503522B9C60E30034C293 /* SceneDelegate.swift */,
				5E0503542B9C60E30034C293 /* ViewController.swift */,
				5E0503562B9C60E30034C293 /* Main.storyboard */,
				5E0503592B9C60E50034C293 /* Assets.xcassets */,
				5E05035B2B9C60E50034C293 /* LaunchScreen.storyboard */,
				5E05035E2B9C60E50034C293 /* Info.plist */,
				60BEBD342B9C7EF80049DA3F /* ZkHelpers.swift */,
			);
			path = Confidate;
			sourceTree = "<group>";
		};
		60BEBD3D2B9C83DF0049DA3F /* ConfidateTests */ = {
			isa = PBXGroup;
			children = (
				60BEBD3E2B9C83DF0049DA3F /* ConfidateTests.swift */,
			);
			path = ConfidateTests;
			sourceTree = "<group>";
		};
		7E489E5DF36CC0FB2AB0AE5D /* Frameworks */ = {
			isa = PBXGroup;
			children = (
				7294927B6F1428A04EC9C00F /* Pods_Confidate.framework */,
			);
			name = Frameworks;
			sourceTree = "<group>";
		};
/* End PBXGroup section */

/* Begin PBXNativeTarget section */
		5E05034C2B9C60E20034C293 /* Confidate */ = {
			isa = PBXNativeTarget;
			buildConfigurationList = 5E0503612B9C60E50034C293 /* Build configuration list for PBXNativeTarget "Confidate" */;
			buildPhases = (
				7ED5CB85CD48B85ABA6F7206 /* [CP] Check Pods Manifest.lock */,
				5E0503492B9C60E20034C293 /* Sources */,
				5E05034A2B9C60E20034C293 /* Frameworks */,
				5E05034B2B9C60E20034C293 /* Resources */,
				FA42C7C1C13AE7A1D5EBDD73 /* [CP] Embed Pods Frameworks */,
			);
			buildRules = (
			);
			dependencies = (
			);
			name = Confidate;
			productName = Confidate;
			productReference = 5E05034D2B9C60E20034C293 /* Confidate.app */;
			productType = "com.apple.product-type.application";
		};
		60BEBD3B2B9C83DF0049DA3F /* ConfidateTests */ = {
			isa = PBXNativeTarget;
			buildConfigurationList = 60BEBD422B9C83DF0049DA3F /* Build configuration list for PBXNativeTarget "ConfidateTests" */;
			buildPhases = (
				60BEBD382B9C83DF0049DA3F /* Sources */,
				60BEBD392B9C83DF0049DA3F /* Frameworks */,
				60BEBD3A2B9C83DF0049DA3F /* Resources */,
			);
			buildRules = (
			);
			dependencies = (
				60BEBD412B9C83DF0049DA3F /* PBXTargetDependency */,
			);
			name = ConfidateTests;
			productName = ConfidateTests;
			productReference = 60BEBD3C2B9C83DF0049DA3F /* ConfidateTests.xctest */;
			productType = "com.apple.product-type.bundle.unit-test";
		};
/* End PBXNativeTarget section */

/* Begin PBXProject section */
		5E0503452B9C60E20034C293 /* Project object */ = {
			isa = PBXProject;
			attributes = {
				BuildIndependentTargetsInParallel = 1;
				LastSwiftUpdateCheck = 1530;
				LastUpgradeCheck = 1520;
				TargetAttributes = {
					5E05034C2B9C60E20034C293 = {
						CreatedOnToolsVersion = 15.2;
					};
					60BEBD3B2B9C83DF0049DA3F = {
						CreatedOnToolsVersion = 15.3;
						TestTargetID = 5E05034C2B9C60E20034C293;
					};
				};
			};
			buildConfigurationList = 5E0503482B9C60E20034C293 /* Build configuration list for PBXProject "Confidate" */;
			compatibilityVersion = "Xcode 14.0";
			developmentRegion = en;
			hasScannedForEncodings = 0;
			knownRegions = (
				en,
				Base,
			);
			mainGroup = 5E0503442B9C60E20034C293;
			productRefGroup = 5E05034E2B9C60E20034C293 /* Products */;
			projectDirPath = "";
			projectRoot = "";
			targets = (
				5E05034C2B9C60E20034C293 /* Confidate */,
				60BEBD3B2B9C83DF0049DA3F /* ConfidateTests */,
			);
		};
/* End PBXProject section */

/* Begin PBXResourcesBuildPhase section */
		5E05034B2B9C60E20034C293 /* Resources */ = {
			isa = PBXResourcesBuildPhase;
			buildActionMask = 2147483647;
			files = (
				60BEBD372B9C81630049DA3F /* placeholder_input.json in Resources */,
				6090BBD22B9C70B0007E9D13 /* placeholder.arkzkey in Resources */,
				6090BBD32B9C70B0007E9D13 /* placeholder.wasm in Resources */,
				5E05035D2B9C60E50034C293 /* LaunchScreen.storyboard in Resources */,
				5E05035A2B9C60E50034C293 /* Assets.xcassets in Resources */,
				5E0503582B9C60E30034C293 /* Main.storyboard in Resources */,
			);
			runOnlyForDeploymentPostprocessing = 0;
		};
		60BEBD3A2B9C83DF0049DA3F /* Resources */ = {
			isa = PBXResourcesBuildPhase;
			buildActionMask = 2147483647;
			files = (
			);
			runOnlyForDeploymentPostprocessing = 0;
		};
/* End PBXResourcesBuildPhase section */

/* Begin PBXShellScriptBuildPhase section */
		7ED5CB85CD48B85ABA6F7206 /* [CP] Check Pods Manifest.lock */ = {
			isa = PBXShellScriptBuildPhase;
			buildActionMask = 2147483647;
			files = (
			);
			inputFileListPaths = (
			);
			inputPaths = (
				"${PODS_PODFILE_DIR_PATH}/Podfile.lock",
				"${PODS_ROOT}/Manifest.lock",
			);
			name = "[CP] Check Pods Manifest.lock";
			outputFileListPaths = (
			);
			outputPaths = (
				"$(DERIVED_FILE_DIR)/Pods-Confidate-checkManifestLockResult.txt",
			);
			runOnlyForDeploymentPostprocessing = 0;
			shellPath = /bin/sh;
			shellScript = "diff \"${PODS_PODFILE_DIR_PATH}/Podfile.lock\" \"${PODS_ROOT}/Manifest.lock\" > /dev/null\nif [ $? != 0 ] ; then\n    # print error to STDERR\n    echo \"error: The sandbox is not in sync with the Podfile.lock. Run 'pod install' or update your CocoaPods installation.\" >&2\n    exit 1\nfi\n# This output is used by Xcode 'outputs' to avoid re-running this script phase.\necho \"SUCCESS\" > \"${SCRIPT_OUTPUT_FILE_0}\"\n";
			showEnvVarsInLog = 0;
		};
		FA42C7C1C13AE7A1D5EBDD73 /* [CP] Embed Pods Frameworks */ = {
			isa = PBXShellScriptBuildPhase;
			buildActionMask = 2147483647;
			files = (
			);
			inputFileListPaths = (
				"${PODS_ROOT}/Target Support Files/Pods-Confidate/Pods-Confidate-frameworks-${CONFIGURATION}-input-files.xcfilelist",
			);
			name = "[CP] Embed Pods Frameworks";
			outputFileListPaths = (
				"${PODS_ROOT}/Target Support Files/Pods-Confidate/Pods-Confidate-frameworks-${CONFIGURATION}-output-files.xcfilelist",
			);
			runOnlyForDeploymentPostprocessing = 0;
			shellPath = /bin/sh;
			shellScript = "\"${PODS_ROOT}/Target Support Files/Pods-Confidate/Pods-Confidate-frameworks.sh\"\n";
			showEnvVarsInLog = 0;
		};
/* End PBXShellScriptBuildPhase section */

/* Begin PBXSourcesBuildPhase section */
		5E0503492B9C60E20034C293 /* Sources */ = {
			isa = PBXSourcesBuildPhase;
			buildActionMask = 2147483647;
			files = (
				6090BBCD2B9C6F06007E9D13 /* ZKTest.swift in Sources */,
				5E0503552B9C60E30034C293 /* ViewController.swift in Sources */,
				5E0503512B9C60E30034C293 /* AppDelegate.swift in Sources */,
				60BEBD352B9C7EF80049DA3F /* ZkHelpers.swift in Sources */,
				5E0503532B9C60E30034C293 /* SceneDelegate.swift in Sources */,
			);
			runOnlyForDeploymentPostprocessing = 0;
		};
		60BEBD382B9C83DF0049DA3F /* Sources */ = {
			isa = PBXSourcesBuildPhase;
			buildActionMask = 2147483647;
			files = (
				60BEBD3F2B9C83DF0049DA3F /* ConfidateTests.swift in Sources */,
			);
			runOnlyForDeploymentPostprocessing = 0;
		};
/* End PBXSourcesBuildPhase section */

/* Begin PBXTargetDependency section */
		60BEBD412B9C83DF0049DA3F /* PBXTargetDependency */ = {
			isa = PBXTargetDependency;
			target = 5E05034C2B9C60E20034C293 /* Confidate */;
			targetProxy = 60BEBD402B9C83DF0049DA3F /* PBXContainerItemProxy */;
		};
/* End PBXTargetDependency section */

/* Begin PBXVariantGroup section */
		5E0503562B9C60E30034C293 /* Main.storyboard */ = {
			isa = PBXVariantGroup;
			children = (
				5E0503572B9C60E30034C293 /* Base */,
			);
			name = Main.storyboard;
			sourceTree = "<group>";
		};
		5E05035B2B9C60E50034C293 /* LaunchScreen.storyboard */ = {
			isa = PBXVariantGroup;
			children = (
				5E05035C2B9C60E50034C293 /* Base */,
			);
			name = LaunchScreen.storyboard;
			sourceTree = "<group>";
		};
/* End PBXVariantGroup section */

/* Begin XCBuildConfiguration section */
		5E05035F2B9C60E50034C293 /* Debug */ = {
			isa = XCBuildConfiguration;
			buildSettings = {
				ALWAYS_SEARCH_USER_PATHS = NO;
				ASSETCATALOG_COMPILER_GENERATE_SWIFT_ASSET_SYMBOL_EXTENSIONS = YES;
				CLANG_ANALYZER_NONNULL = YES;
				CLANG_ANALYZER_NUMBER_OBJECT_CONVERSION = YES_AGGRESSIVE;
				CLANG_CXX_LANGUAGE_STANDARD = "gnu++20";
				CLANG_ENABLE_MODULES = YES;
				CLANG_ENABLE_OBJC_ARC = YES;
				CLANG_ENABLE_OBJC_WEAK = YES;
				CLANG_WARN_BLOCK_CAPTURE_AUTORELEASING = YES;
				CLANG_WARN_BOOL_CONVERSION = YES;
				CLANG_WARN_COMMA = YES;
				CLANG_WARN_CONSTANT_CONVERSION = YES;
				CLANG_WARN_DEPRECATED_OBJC_IMPLEMENTATIONS = YES;
				CLANG_WARN_DIRECT_OBJC_ISA_USAGE = YES_ERROR;
				CLANG_WARN_DOCUMENTATION_COMMENTS = YES;
				CLANG_WARN_EMPTY_BODY = YES;
				CLANG_WARN_ENUM_CONVERSION = YES;
				CLANG_WARN_INFINITE_RECURSION = YES;
				CLANG_WARN_INT_CONVERSION = YES;
				CLANG_WARN_NON_LITERAL_NULL_CONVERSION = YES;
				CLANG_WARN_OBJC_IMPLICIT_RETAIN_SELF = YES;
				CLANG_WARN_OBJC_LITERAL_CONVERSION = YES;
				CLANG_WARN_OBJC_ROOT_CLASS = YES_ERROR;
				CLANG_WARN_QUOTED_INCLUDE_IN_FRAMEWORK_HEADER = YES;
				CLANG_WARN_RANGE_LOOP_ANALYSIS = YES;
				CLANG_WARN_STRICT_PROTOTYPES = YES;
				CLANG_WARN_SUSPICIOUS_MOVE = YES;
				CLANG_WARN_UNGUARDED_AVAILABILITY = YES_AGGRESSIVE;
				CLANG_WARN_UNREACHABLE_CODE = YES;
				CLANG_WARN__DUPLICATE_METHOD_MATCH = YES;
				COPY_PHASE_STRIP = NO;
				DEBUG_INFORMATION_FORMAT = dwarf;
				ENABLE_STRICT_OBJC_MSGSEND = YES;
				ENABLE_TESTABILITY = YES;
				ENABLE_USER_SCRIPT_SANDBOXING = NO;
				GCC_C_LANGUAGE_STANDARD = gnu17;
				GCC_DYNAMIC_NO_PIC = NO;
				GCC_NO_COMMON_BLOCKS = YES;
				GCC_OPTIMIZATION_LEVEL = 0;
				GCC_PREPROCESSOR_DEFINITIONS = (
					"DEBUG=1",
					"$(inherited)",
				);
				GCC_WARN_64_TO_32_BIT_CONVERSION = YES;
				GCC_WARN_ABOUT_RETURN_TYPE = YES_ERROR;
				GCC_WARN_UNDECLARED_SELECTOR = YES;
				GCC_WARN_UNINITIALIZED_AUTOS = YES_AGGRESSIVE;
				GCC_WARN_UNUSED_FUNCTION = YES;
				GCC_WARN_UNUSED_VARIABLE = YES;
				IPHONEOS_DEPLOYMENT_TARGET = 17.2;
				LOCALIZATION_PREFERS_STRING_CATALOGS = YES;
				MTL_ENABLE_DEBUG_INFO = INCLUDE_SOURCE;
				MTL_FAST_MATH = YES;
				ONLY_ACTIVE_ARCH = YES;
				SDKROOT = iphoneos;
				SWIFT_ACTIVE_COMPILATION_CONDITIONS = "DEBUG $(inherited)";
				SWIFT_OPTIMIZATION_LEVEL = "-Onone";
			};
			name = Debug;
		};
		5E0503602B9C60E50034C293 /* Release */ = {
			isa = XCBuildConfiguration;
			buildSettings = {
				ALWAYS_SEARCH_USER_PATHS = NO;
				ASSETCATALOG_COMPILER_GENERATE_SWIFT_ASSET_SYMBOL_EXTENSIONS = YES;
				CLANG_ANALYZER_NONNULL = YES;
				CLANG_ANALYZER_NUMBER_OBJECT_CONVERSION = YES_AGGRESSIVE;
				CLANG_CXX_LANGUAGE_STANDARD = "gnu++20";
				CLANG_ENABLE_MODULES = YES;
				CLANG_ENABLE_OBJC_ARC = YES;
				CLANG_ENABLE_OBJC_WEAK = YES;
				CLANG_WARN_BLOCK_CAPTURE_AUTORELEASING = YES;
				CLANG_WARN_BOOL_CONVERSION = YES;
				CLANG_WARN_COMMA = YES;
				CLANG_WARN_CONSTANT_CONVERSION = YES;
				CLANG_WARN_DEPRECATED_OBJC_IMPLEMENTATIONS = YES;
				CLANG_WARN_DIRECT_OBJC_ISA_USAGE = YES_ERROR;
				CLANG_WARN_DOCUMENTATION_COMMENTS = YES;
				CLANG_WARN_EMPTY_BODY = YES;
				CLANG_WARN_ENUM_CONVERSION = YES;
				CLANG_WARN_INFINITE_RECURSION = YES;
				CLANG_WARN_INT_CONVERSION = YES;
				CLANG_WARN_NON_LITERAL_NULL_CONVERSION = YES;
				CLANG_WARN_OBJC_IMPLICIT_RETAIN_SELF = YES;
				CLANG_WARN_OBJC_LITERAL_CONVERSION = YES;
				CLANG_WARN_OBJC_ROOT_CLASS = YES_ERROR;
				CLANG_WARN_QUOTED_INCLUDE_IN_FRAMEWORK_HEADER = YES;
				CLANG_WARN_RANGE_LOOP_ANALYSIS = YES;
				CLANG_WARN_STRICT_PROTOTYPES = YES;
				CLANG_WARN_SUSPICIOUS_MOVE = YES;
				CLANG_WARN_UNGUARDED_AVAILABILITY = YES_AGGRESSIVE;
				CLANG_WARN_UNREACHABLE_CODE = YES;
				CLANG_WARN__DUPLICATE_METHOD_MATCH = YES;
				COPY_PHASE_STRIP = NO;
				DEBUG_INFORMATION_FORMAT = "dwarf-with-dsym";
				ENABLE_NS_ASSERTIONS = NO;
				ENABLE_STRICT_OBJC_MSGSEND = YES;
				ENABLE_USER_SCRIPT_SANDBOXING = NO;
				GCC_C_LANGUAGE_STANDARD = gnu17;
				GCC_NO_COMMON_BLOCKS = YES;
				GCC_WARN_64_TO_32_BIT_CONVERSION = YES;
				GCC_WARN_ABOUT_RETURN_TYPE = YES_ERROR;
				GCC_WARN_UNDECLARED_SELECTOR = YES;
				GCC_WARN_UNINITIALIZED_AUTOS = YES_AGGRESSIVE;
				GCC_WARN_UNUSED_FUNCTION = YES;
				GCC_WARN_UNUSED_VARIABLE = YES;
				IPHONEOS_DEPLOYMENT_TARGET = 17.2;
				LOCALIZATION_PREFERS_STRING_CATALOGS = YES;
				MTL_ENABLE_DEBUG_INFO = NO;
				MTL_FAST_MATH = YES;
				SDKROOT = iphoneos;
				SWIFT_COMPILATION_MODE = wholemodule;
				VALIDATE_PRODUCT = YES;
			};
			name = Release;
		};
		5E0503622B9C60E50034C293 /* Debug */ = {
			isa = XCBuildConfiguration;
			baseConfigurationReference = 156DC19CFB28ABB4DB5AD0FC /* Pods-Confidate.debug.xcconfig */;
			buildSettings = {
				ASSETCATALOG_COMPILER_APPICON_NAME = AppIcon;
				ASSETCATALOG_COMPILER_GLOBAL_ACCENT_COLOR_NAME = AccentColor;
				CODE_SIGN_STYLE = Automatic;
				CURRENT_PROJECT_VERSION = 1;
				GENERATE_INFOPLIST_FILE = YES;
				INFOPLIST_FILE = Confidate/Info.plist;
				INFOPLIST_KEY_UIApplicationSupportsIndirectInputEvents = YES;
				INFOPLIST_KEY_UILaunchStoryboardName = LaunchScreen;
				INFOPLIST_KEY_UIMainStoryboardFile = Main;
				INFOPLIST_KEY_UISupportedInterfaceOrientations_iPad = "UIInterfaceOrientationPortrait UIInterfaceOrientationPortraitUpsideDown UIInterfaceOrientationLandscapeLeft UIInterfaceOrientationLandscapeRight";
				INFOPLIST_KEY_UISupportedInterfaceOrientations_iPhone = "UIInterfaceOrientationPortrait UIInterfaceOrientationLandscapeLeft UIInterfaceOrientationLandscapeRight";
				LD_RUNPATH_SEARCH_PATHS = (
					"$(inherited)",
					"@executable_path/Frameworks",
				);
				MARKETING_VERSION = 1.0;
				PRODUCT_BUNDLE_IDENTIFIER = com.iosmxm.Confidate;
				PRODUCT_NAME = "$(TARGET_NAME)";
				SWIFT_EMIT_LOC_STRINGS = YES;
				SWIFT_VERSION = 5.0;
				TARGETED_DEVICE_FAMILY = "1,2";
			};
			name = Debug;
		};
		5E0503632B9C60E50034C293 /* Release */ = {
			isa = XCBuildConfiguration;
			baseConfigurationReference = 2EF20468619E5AEB2D86AFC0 /* Pods-Confidate.release.xcconfig */;
			buildSettings = {
				ASSETCATALOG_COMPILER_APPICON_NAME = AppIcon;
				ASSETCATALOG_COMPILER_GLOBAL_ACCENT_COLOR_NAME = AccentColor;
				CODE_SIGN_STYLE = Automatic;
				CURRENT_PROJECT_VERSION = 1;
				GENERATE_INFOPLIST_FILE = YES;
				INFOPLIST_FILE = Confidate/Info.plist;
				INFOPLIST_KEY_UIApplicationSupportsIndirectInputEvents = YES;
				INFOPLIST_KEY_UILaunchStoryboardName = LaunchScreen;
				INFOPLIST_KEY_UIMainStoryboardFile = Main;
				INFOPLIST_KEY_UISupportedInterfaceOrientations_iPad = "UIInterfaceOrientationPortrait UIInterfaceOrientationPortraitUpsideDown UIInterfaceOrientationLandscapeLeft UIInterfaceOrientationLandscapeRight";
				INFOPLIST_KEY_UISupportedInterfaceOrientations_iPhone = "UIInterfaceOrientationPortrait UIInterfaceOrientationLandscapeLeft UIInterfaceOrientationLandscapeRight";
				LD_RUNPATH_SEARCH_PATHS = (
					"$(inherited)",
					"@executable_path/Frameworks",
				);
				MARKETING_VERSION = 1.0;
				PRODUCT_BUNDLE_IDENTIFIER = com.iosmxm.Confidate;
				PRODUCT_NAME = "$(TARGET_NAME)";
				SWIFT_EMIT_LOC_STRINGS = YES;
				SWIFT_VERSION = 5.0;
				TARGETED_DEVICE_FAMILY = "1,2";
			};
			name = Release;
		};
		60BEBD432B9C83DF0049DA3F /* Debug */ = {
			isa = XCBuildConfiguration;
			buildSettings = {
				BUNDLE_LOADER = "$(TEST_HOST)";
				CODE_SIGN_STYLE = Automatic;
				CURRENT_PROJECT_VERSION = 1;
				ENABLE_USER_SCRIPT_SANDBOXING = YES;
				GENERATE_INFOPLIST_FILE = YES;
				IPHONEOS_DEPLOYMENT_TARGET = 17.4;
				MARKETING_VERSION = 1.0;
				PRODUCT_BUNDLE_IDENTIFIER = ai.confidenti.projects.ConfidateTests;
				PRODUCT_NAME = "$(TARGET_NAME)";
				SWIFT_EMIT_LOC_STRINGS = NO;
				SWIFT_VERSION = 5.0;
				TARGETED_DEVICE_FAMILY = "1,2";
				TEST_HOST = "$(BUILT_PRODUCTS_DIR)/Confidate.app/$(BUNDLE_EXECUTABLE_FOLDER_PATH)/Confidate";
			};
			name = Debug;
		};
		60BEBD442B9C83DF0049DA3F /* Release */ = {
			isa = XCBuildConfiguration;
			buildSettings = {
				BUNDLE_LOADER = "$(TEST_HOST)";
				CODE_SIGN_STYLE = Automatic;
				CURRENT_PROJECT_VERSION = 1;
				ENABLE_USER_SCRIPT_SANDBOXING = YES;
				GENERATE_INFOPLIST_FILE = YES;
				IPHONEOS_DEPLOYMENT_TARGET = 17.4;
				MARKETING_VERSION = 1.0;
				PRODUCT_BUNDLE_IDENTIFIER = ai.confidenti.projects.ConfidateTests;
				PRODUCT_NAME = "$(TARGET_NAME)";
				SWIFT_EMIT_LOC_STRINGS = NO;
				SWIFT_VERSION = 5.0;
				TARGETED_DEVICE_FAMILY = "1,2";
				TEST_HOST = "$(BUILT_PRODUCTS_DIR)/Confidate.app/$(BUNDLE_EXECUTABLE_FOLDER_PATH)/Confidate";
			};
			name = Release;
		};
/* End XCBuildConfiguration section */

/* Begin XCConfigurationList section */
		5E0503482B9C60E20034C293 /* Build configuration list for PBXProject "Confidate" */ = {
			isa = XCConfigurationList;
			buildConfigurations = (
				5E05035F2B9C60E50034C293 /* Debug */,
				5E0503602B9C60E50034C293 /* Release */,
			);
			defaultConfigurationIsVisible = 0;
			defaultConfigurationName = Release;
		};
		5E0503612B9C60E50034C293 /* Build configuration list for PBXNativeTarget "Confidate" */ = {
			isa = XCConfigurationList;
			buildConfigurations = (
				5E0503622B9C60E50034C293 /* Debug */,
				5E0503632B9C60E50034C293 /* Release */,
			);
			defaultConfigurationIsVisible = 0;
			defaultConfigurationName = Release;
		};
		60BEBD422B9C83DF0049DA3F /* Build configuration list for PBXNativeTarget "ConfidateTests" */ = {
			isa = XCConfigurationList;
			buildConfigurations = (
				60BEBD432B9C83DF0049DA3F /* Debug */,
				60BEBD442B9C83DF0049DA3F /* Release */,
			);
			defaultConfigurationIsVisible = 0;
			defaultConfigurationName = Release;
		};
/* End XCConfigurationList section */
	};
	rootObject = 5E0503452B9C60E20034C293 /* Project object */;
}
